
Microsoft Visual Studio Solution File, Format Version 12.00
# Visual Studio 15
VisualStudioVersion = 15.0.28307.1267
MinimumVisualStudioVersion = 10.0.40219.1
Project("{FAE04EC0-301F-11D3-BF4B-00C04F79EFBC}") = "Decorator", "Decorator\Decorator.csproj", "{056450D2-8607-4B97-B2B8-5C7AB2AA7A44}"
EndProject
Global
	GlobalSection(SolutionConfigurationPlatforms) = preSolution
		Debug|Any CPU = Debug|Any CPU
		Release|Any CPU = Release|Any CPU
	EndGlobalSection
	GlobalSection(ProjectConfigurationPlatforms) = postSolution
		{056450D2-8607-4B97-B2B8-5C7AB2AA7A44}.Debug|Any CPU.ActiveCfg = Debug|Any CPU
		{056450D2-8607-4B97-B2B8-5C7AB2AA7A44}.Debug|Any CPU.Build.0 = Debug|Any CPU
		{056450D2-8607-4B97-B2B8-5C7AB2AA7A44}.Release|Any CPU.ActiveCfg = Release|Any CPU
		{056450D2-8607-4B97-B2B8-5C7AB2AA7A44}.Release|Any CPU.Build.0 = Release|Any CPU
	EndGlobalSection
	GlobalSection(SolutionProperties) = preSolution
		HideSolutionNode = FALSE
	EndGlobalSection
	GlobalSection(ExtensibilityGlobals) = postSolution
		SolutionGuid = {F3682DC4-3563-4F63-9452-F3BA9F410875}
	EndGlobalSection
EndGlobal
